
Microsoft Visual Studio Solution File, Format Version 12.00
# Visual Studio Version 16
VisualStudioVersion = 16.0.31321.278
MinimumVisualStudioVersion = 10.0.40219.1
Project("{FAE04EC0-301F-11D3-BF4B-00C04F79EFBC}") = "File Comparer", "File Comparer\File Comparer.csproj", "{656B3923-5E76-48DC-9728-07B7C8123116}"
EndProject
Global
	GlobalSection(SolutionConfigurationPlatforms) = preSolution
		Debug|Any CPU = Debug|Any CPU
		Release|Any CPU = Release|Any CPU
	EndGlobalSection
	GlobalSection(ProjectConfigurationPlatforms) = postSolution
		{656B3923-5E76-48DC-9728-07B7C8123116}.Debug|Any CPU.ActiveCfg = Debug|Any CPU
		{656B3923-5E76-48DC-9728-07B7C8123116}.Debug|Any CPU.Build.0 = Debug|Any CPU
		{656B3923-5E76-48DC-9728-07B7C8123116}.Release|Any CPU.ActiveCfg = Release|Any CPU
		{656B3923-5E76-48DC-9728-07B7C8123116}.Release|Any CPU.Build.0 = Release|Any CPU
	EndGlobalSection
	GlobalSection(SolutionProperties) = preSolution
		HideSolutionNode = FALSE
	EndGlobalSection
	GlobalSection(ExtensibilityGlobals) = postSolution
		SolutionGuid = {E5626E3B-EECA-469A-B719-525E8BEA953E}
	EndGlobalSection
EndGlobal
